{
  "name": "builder",
  "version": "1.0.0",
  "lockfileVersion": 2,
  "requires": true,
  "packages": {
    "": {
      "name": "builder",
      "version": "1.0.0",
      "license": "MIT",
      "dependencies": {
        "axios": "^0.21.1",
        "lodash": "^4.17.21",
        "yaml-util": "github:cmtr/yaml-util#main"
      }
    },
    "node_modules/argparse": {
      "version": "2.0.1",
      "resolved": "https://registry.npmjs.org/argparse/-/argparse-2.0.1.tgz",
      "integrity": "sha512-8+9WqebbFzpX9OR+Wa6O29asIogeRMzcGtAINdpMHHyAg10f05aSFVBbcEqGf/PXw1EjAZ+q2/bEBg3DvurK3Q=="
    },
    "node_modules/axios": {
      "version": "0.21.4",
      "resolved": "https://registry.npmjs.org/axios/-/axios-0.21.4.tgz",
      "integrity": "sha512-ut5vewkiu8jjGBdqpM44XxjuCjq9LAKeHVmoVfHVzy8eHgxxq8SbAVQNovDA8mVi05kP0Ea/n/UzcSHcTJQfNg==",
      "dependencies": {
        "follow-redirects": "^1.14.0"
      }
    },
    "node_modules/follow-redirects": {
      "version": "1.15.2",
      "resolved": "https://registry.npmjs.org/follow-redirects/-/follow-redirects-1.15.2.tgz",
      "integrity": "sha512-VQLG33o04KaQ8uYi2tVNbdrWp1QWxNNea+nmIB4EVM28v0hmP17z7aG1+wAkNzVq4KeXTq3221ye5qTJP91JwA==",
      "funding": [
        {
          "type": "individual",
          "url": "https://github.com/sponsors/RubenVerborgh"
        }
      ],
      "engines": {
        "node": ">=4.0"
      },
      "peerDependenciesMeta": {
        "debug": {
          "optional": true
        }
      }
    },
    "node_modules/foreach": {
      "version": "2.0.6",
      "resolved": "https://registry.npmjs.org/foreach/-/foreach-2.0.6.tgz",
      "integrity": "sha512-k6GAGDyqLe9JaebCsFCoudPPWfihKu8pylYXRlqP1J7ms39iPoTtk2fviNglIeQEwdh0bQeKJ01ZPyuyQvKzwg=="
    },
    "node_modules/js-yaml": {
      "version": "4.1.0",
      "resolved": "https://registry.npmjs.org/js-yaml/-/js-yaml-4.1.0.tgz",
      "integrity": "sha512-wpxZs9NoxZaJESJGIZTyDEaYpl0FKSA+FB9aJiyemKhMwkxQg63h4T1KJgUGHpTqPDNRcmmYLugrRjJlBtWvRA==",
      "dependencies": {
        "argparse": "^2.0.1"
      },
      "bin": {
        "js-yaml": "bin/js-yaml.js"
      }
    },
    "node_modules/json-pointer": {
      "version": "0.6.2",
      "resolved": "https://registry.npmjs.org/json-pointer/-/json-pointer-0.6.2.tgz",
      "integrity": "sha512-vLWcKbOaXlO+jvRy4qNd+TI1QUPZzfJj1tpJ3vAXDych5XJf93ftpUKe5pKCrzyIIwgBJcOcCVRUfqQP25afBw==",
      "dependencies": {
        "foreach": "^2.0.4"
      }
    },
    "node_modules/lodash": {
      "version": "4.17.21",
      "resolved": "https://registry.npmjs.org/lodash/-/lodash-4.17.21.tgz",
      "integrity": "sha512-v2kDEe57lecTulaDIuNTPy3Ry4gLGJ6Z1O3vE1krgXZNrsQ+LFTGHVxVjcXPs17LhbZVGedAJv8XZ1tvj5FvSg=="
    },
    "node_modules/yaml-util": {
      "version": "1.0.0",
      "resolved": "git+ssh://git@github.com/cmtr/yaml-util.git#6f28b4371d1e77c03cd100788ed023f9b97ef3a6",
      "license": "MIT",
      "dependencies": {
        "js-yaml": "^4.1.0",
        "json-pointer": "^0.6.2",
        "lodash": "^4.17.21"
      }
    }
  },
  "dependencies": {
    "argparse": {
      "version": "2.0.1",
      "resolved": "https://registry.npmjs.org/argparse/-/argparse-2.0.1.tgz",
      "integrity": "sha512-8+9WqebbFzpX9OR+Wa6O29asIogeRMzcGtAINdpMHHyAg10f05aSFVBbcEqGf/PXw1EjAZ+q2/bEBg3DvurK3Q=="
    },
    "axios": {
      "version": "0.21.4",
      "resolved": "https://registry.npmjs.org/axios/-/axios-0.21.4.tgz",
      "integrity": "sha512-ut5vewkiu8jjGBdqpM44XxjuCjq9LAKeHVmoVfHVzy8eHgxxq8SbAVQNovDA8mVi05kP0Ea/n/UzcSHcTJQfNg==",
      "requires": {
        "follow-redirects": "^1.14.0"
      }
    },
    "follow-redirects": {
      "version": "1.15.2",
      "resolved": "https://registry.npmjs.org/follow-redirects/-/follow-redirects-1.15.2.tgz",
      "integrity": "sha512-VQLG33o04KaQ8uYi2tVNbdrWp1QWxNNea+nmIB4EVM28v0hmP17z7aG1+wAkNzVq4KeXTq3221ye5qTJP91JwA=="
    },
    "foreach": {
      "version": "2.0.6",
      "resolved": "https://registry.npmjs.org/foreach/-/foreach-2.0.6.tgz",
      "integrity": "sha512-k6GAGDyqLe9JaebCsFCoudPPWfihKu8pylYXRlqP1J7ms39iPoTtk2fviNglIeQEwdh0bQeKJ01ZPyuyQvKzwg=="
    },
    "js-yaml": {
      "version": "4.1.0",
      "resolved": "https://registry.npmjs.org/js-yaml/-/js-yaml-4.1.0.tgz",
      "integrity": "sha512-wpxZs9NoxZaJESJGIZTyDEaYpl0FKSA+FB9aJiyemKhMwkxQg63h4T1KJgUGHpTqPDNRcmmYLugrRjJlBtWvRA==",
      "requires": {
        "argparse": "^2.0.1"
      }
    },
    "json-pointer": {
      "version": "0.6.2",
      "resolved": "https://registry.npmjs.org/json-pointer/-/json-pointer-0.6.2.tgz",
      "integrity": "sha512-vLWcKbOaXlO+jvRy4qNd+TI1QUPZzfJj1tpJ3vAXDych5XJf93ftpUKe5pKCrzyIIwgBJcOcCVRUfqQP25afBw==",
      "requires": {
        "foreach": "^2.0.4"
      }
    },
    "lodash": {
      "version": "4.17.21",
      "resolved": "https://registry.npmjs.org/lodash/-/lodash-4.17.21.tgz",
      "integrity": "sha512-v2kDEe57lecTulaDIuNTPy3Ry4gLGJ6Z1O3vE1krgXZNrsQ+LFTGHVxVjcXPs17LhbZVGedAJv8XZ1tvj5FvSg=="
    },
    "yaml-util": {
      "version": "git+ssh://git@github.com/cmtr/yaml-util.git#6f28b4371d1e77c03cd100788ed023f9b97ef3a6",
      "from": "yaml-util@github:cmtr/yaml-util#main",
      "requires": {
        "js-yaml": "^4.1.0",
        "json-pointer": "^0.6.2",
        "lodash": "^4.17.21"
      }
    }
  }
}
